
Microsoft Visual Studio Solution File, Format Version 12.00
# Visual Studio Version 17
VisualStudioVersion = 17.13.35931.197 d17.13
MinimumVisualStudioVersion = 10.0.40219.1
Project("{FAE04EC0-301F-11D3-BF4B-00C04F79EFBC}") = "SupplyChain", "SupplyChain.csproj", "{E732ABFB-71FD-4CE5-9528-96B7C7B8E670}"
EndProject
Global
	GlobalSection(SolutionConfigurationPlatforms) = preSolution
		Debug|Any CPU = Debug|Any CPU
		Release|Any CPU = Release|Any CPU
	EndGlobalSection
	GlobalSection(ProjectConfigurationPlatforms) = postSolution
		{E732ABFB-71FD-4CE5-9528-96B7C7B8E670}.Debug|Any CPU.ActiveCfg = Debug|Any CPU
		{E732ABFB-71FD-4CE5-9528-96B7C7B8E670}.Debug|Any CPU.Build.0 = Debug|Any CPU
		{E732ABFB-71FD-4CE5-9528-96B7C7B8E670}.Release|Any CPU.ActiveCfg = Release|Any CPU
		{E732ABFB-71FD-4CE5-9528-96B7C7B8E670}.Release|Any CPU.Build.0 = Release|Any CPU
	EndGlobalSection
	GlobalSection(SolutionProperties) = preSolution
		HideSolutionNode = FALSE
	EndGlobalSection
	GlobalSection(ExtensibilityGlobals) = postSolution
		SolutionGuid = {42310633-C0CB-4582-8C4C-51FA075E8F1E}
	EndGlobalSection
EndGlobal
